
Microsoft Visual Studio Solution File, Format Version 12.00
# Visual Studio Version 16
VisualStudioVersion = 16.0.30503.244
MinimumVisualStudioVersion = 10.0.40219.1
Project("{FAE04EC0-301F-11D3-BF4B-00C04F79EFBC}") = "UnitTest", "UnitTest.csproj", "{FC6EE8CA-A714-40FA-92D6-850B87F31AEF}"
EndProject
Project("{FAE04EC0-301F-11D3-BF4B-00C04F79EFBC}") = "Testing", "..\Testing\Testing.csproj", "{1B118961-EE58-410E-9B97-44A0AE51ABFF}"
EndProject
Global
	GlobalSection(SolutionConfigurationPlatforms) = preSolution
		Debug|Any CPU = Debug|Any CPU
		Release|Any CPU = Release|Any CPU
	EndGlobalSection
	GlobalSection(ProjectConfigurationPlatforms) = postSolution
		{FC6EE8CA-A714-40FA-92D6-850B87F31AEF}.Debug|Any CPU.ActiveCfg = Debug|Any CPU
		{FC6EE8CA-A714-40FA-92D6-850B87F31AEF}.Debug|Any CPU.Build.0 = Debug|Any CPU
		{FC6EE8CA-A714-40FA-92D6-850B87F31AEF}.Release|Any CPU.ActiveCfg = Release|Any CPU
		{FC6EE8CA-A714-40FA-92D6-850B87F31AEF}.Release|Any CPU.Build.0 = Release|Any CPU
		{1B118961-EE58-410E-9B97-44A0AE51ABFF}.Debug|Any CPU.ActiveCfg = Debug|Any CPU
		{1B118961-EE58-410E-9B97-44A0AE51ABFF}.Debug|Any CPU.Build.0 = Debug|Any CPU
		{1B118961-EE58-410E-9B97-44A0AE51ABFF}.Release|Any CPU.ActiveCfg = Release|Any CPU
		{1B118961-EE58-410E-9B97-44A0AE51ABFF}.Release|Any CPU.Build.0 = Release|Any CPU
	EndGlobalSection
	GlobalSection(SolutionProperties) = preSolution
		HideSolutionNode = FALSE
	EndGlobalSection
	GlobalSection(ExtensibilityGlobals) = postSolution
		SolutionGuid = {61F76B02-161D-4DFA-A7DF-A03E03B65486}
	EndGlobalSection
EndGlobal
